Microsoft Visual Studio Solution File, Format Version 12.00
# Visual Studio Version 17
VisualStudioVersion = 17.5.2.0
MinimumVisualStudioVersion = 10.0.40219.1
Project("{FAE04EC0-301F-11D3-BF4B-00C04F79EFBC}") = "product-management-backend", "product-management-backend.csproj", "{1DB4710A-DD35-073D-690D-D2D830F44194}"
EndProject
Global
	GlobalSection(SolutionConfigurationPlatforms) = preSolution
		Debug|Any CPU = Debug|Any CPU
		Release|Any CPU = Release|Any CPU
	EndGlobalSection
	GlobalSection(ProjectConfigurationPlatforms) = postSolution
		{1DB4710A-DD35-073D-690D-D2D830F44194}.Debug|Any CPU.ActiveCfg = Debug|Any CPU
		{1DB4710A-DD35-073D-690D-D2D830F44194}.Debug|Any CPU.Build.0 = Debug|Any CPU
		{1DB4710A-DD35-073D-690D-D2D830F44194}.Release|Any CPU.ActiveCfg = Release|Any CPU
		{1DB4710A-DD35-073D-690D-D2D830F44194}.Release|Any CPU.Build.0 = Release|Any CPU
	EndGlobalSection
	GlobalSection(SolutionProperties) = preSolution
		HideSolutionNode = FALSE
	EndGlobalSection
	GlobalSection(ExtensibilityGlobals) = postSolution
		SolutionGuid = {F0EA003C-2929-4AD5-86BB-A334C5C3816F}
	EndGlobalSection
EndGlobal
